
Microsoft Visual Studio Solution File, Format Version 12.00
# Visual Studio Version 16
VisualStudioVersion = 16.0.31005.135
MinimumVisualStudioVersion = 10.0.40219.1
Project("{FAE04EC0-301F-11D3-BF4B-00C04F79EFBC}") = "ESSWinApp", "ESSWinApp.csproj", "{4EAC38CD-4E65-474B-AED1-A9E268A3FFF9}"
EndProject
Project("{9A19103F-16F7-4668-BE54-9A1E7A4F7556}") = "ESSWinApp.Core", "..\ESSWinApp.Core\ESSWinApp.Core.csproj", "{260C8EB6-EC94-41AA-9DF8-E78ED1927E84}"
EndProject
Global
	GlobalSection(SolutionConfigurationPlatforms) = preSolution
		Debug|Any CPU = Debug|Any CPU
		Debug|ARM = Debug|ARM
		Debug|ARM64 = Debug|ARM64
		Debug|x64 = Debug|x64
		Debug|x86 = Debug|x86
		Release|Any CPU = Release|Any CPU
		Release|ARM = Release|ARM
		Release|ARM64 = Release|ARM64
		Release|x64 = Release|x64
		Release|x86 = Release|x86
	EndGlobalSection
	GlobalSection(ProjectConfigurationPlatforms) = postSolution
		{4EAC38CD-4E65-474B-AED1-A9E268A3FFF9}.Debug|Any CPU.ActiveCfg = Debug|x86
		{4EAC38CD-4E65-474B-AED1-A9E268A3FFF9}.Debug|ARM.ActiveCfg = Debug|ARM
		{4EAC38CD-4E65-474B-AED1-A9E268A3FFF9}.Debug|ARM.Build.0 = Debug|ARM
		{4EAC38CD-4E65-474B-AED1-A9E268A3FFF9}.Debug|ARM.Deploy.0 = Debug|ARM
		{4EAC38CD-4E65-474B-AED1-A9E268A3FFF9}.Debug|ARM64.ActiveCfg = Debug|ARM64
		{4EAC38CD-4E65-474B-AED1-A9E268A3FFF9}.Debug|ARM64.Build.0 = Debug|ARM64
		{4EAC38CD-4E65-474B-AED1-A9E268A3FFF9}.Debug|ARM64.Deploy.0 = Debug|ARM64
		{4EAC38CD-4E65-474B-AED1-A9E268A3FFF9}.Debug|x64.ActiveCfg = Debug|x64
		{4EAC38CD-4E65-474B-AED1-A9E268A3FFF9}.Debug|x64.Build.0 = Debug|x64
		{4EAC38CD-4E65-474B-AED1-A9E268A3FFF9}.Debug|x64.Deploy.0 = Debug|x64
		{4EAC38CD-4E65-474B-AED1-A9E268A3FFF9}.Debug|x86.ActiveCfg = Debug|x86
		{4EAC38CD-4E65-474B-AED1-A9E268A3FFF9}.Debug|x86.Build.0 = Debug|x86
		{4EAC38CD-4E65-474B-AED1-A9E268A3FFF9}.Debug|x86.Deploy.0 = Debug|x86
		{4EAC38CD-4E65-474B-AED1-A9E268A3FFF9}.Release|Any CPU.ActiveCfg = Release|x86
		{4EAC38CD-4E65-474B-AED1-A9E268A3FFF9}.Release|ARM.ActiveCfg = Release|ARM
		{4EAC38CD-4E65-474B-AED1-A9E268A3FFF9}.Release|ARM.Build.0 = Release|ARM
		{4EAC38CD-4E65-474B-AED1-A9E268A3FFF9}.Release|ARM.Deploy.0 = Release|ARM
		{4EAC38CD-4E65-474B-AED1-A9E268A3FFF9}.Release|ARM64.ActiveCfg = Release|ARM64
		{4EAC38CD-4E65-474B-AED1-A9E268A3FFF9}.Release|ARM64.Build.0 = Release|ARM64
		{4EAC38CD-4E65-474B-AED1-A9E268A3FFF9}.Release|ARM64.Deploy.0 = Release|ARM64
		{4EAC38CD-4E65-474B-AED1-A9E268A3FFF9}.Release|x64.ActiveCfg = Release|x64
		{4EAC38CD-4E65-474B-AED1-A9E268A3FFF9}.Release|x64.Build.0 = Release|x64
		{4EAC38CD-4E65-474B-AED1-A9E268A3FFF9}.Release|x64.Deploy.0 = Release|x64
		{4EAC38CD-4E65-474B-AED1-A9E268A3FFF9}.Release|x86.ActiveCfg = Release|x86
		{4EAC38CD-4E65-474B-AED1-A9E268A3FFF9}.Release|x86.Build.0 = Release|x86
		{4EAC38CD-4E65-474B-AED1-A9E268A3FFF9}.Release|x86.Deploy.0 = Release|x86
		{260C8EB6-EC94-41AA-9DF8-E78ED1927E84}.Debug|Any CPU.ActiveCfg = Debug|Any CPU
		{260C8EB6-EC94-41AA-9DF8-E78ED1927E84}.Debug|Any CPU.Build.0 = Debug|Any CPU
		{260C8EB6-EC94-41AA-9DF8-E78ED1927E84}.Debug|ARM.ActiveCfg = Debug|Any CPU
		{260C8EB6-EC94-41AA-9DF8-E78ED1927E84}.Debug|ARM.Build.0 = Debug|Any CPU
		{260C8EB6-EC94-41AA-9DF8-E78ED1927E84}.Debug|ARM64.ActiveCfg = Debug|Any CPU
		{260C8EB6-EC94-41AA-9DF8-E78ED1927E84}.Debug|ARM64.Build.0 = Debug|Any CPU
		{260C8EB6-EC94-41AA-9DF8-E78ED1927E84}.Debug|x64.ActiveCfg = Debug|Any CPU
		{260C8EB6-EC94-41AA-9DF8-E78ED1927E84}.Debug|x64.Build.0 = Debug|Any CPU
		{260C8EB6-EC94-41AA-9DF8-E78ED1927E84}.Debug|x86.ActiveCfg = Debug|Any CPU
		{260C8EB6-EC94-41AA-9DF8-E78ED1927E84}.Debug|x86.Build.0 = Debug|Any CPU
		{260C8EB6-EC94-41AA-9DF8-E78ED1927E84}.Release|Any CPU.ActiveCfg = Release|Any CPU
		{260C8EB6-EC94-41AA-9DF8-E78ED1927E84}.Release|Any CPU.Build.0 = Release|Any CPU
		{260C8EB6-EC94-41AA-9DF8-E78ED1927E84}.Release|ARM.ActiveCfg = Release|Any CPU
		{260C8EB6-EC94-41AA-9DF8-E78ED1927E84}.Release|ARM.Build.0 = Release|Any CPU
		{260C8EB6-EC94-41AA-9DF8-E78ED1927E84}.Release|ARM64.ActiveCfg = Release|Any CPU
		{260C8EB6-EC94-41AA-9DF8-E78ED1927E84}.Release|ARM64.Build.0 = Release|Any CPU
		{260C8EB6-EC94-41AA-9DF8-E78ED1927E84}.Release|x64.ActiveCfg = Release|Any CPU
		{260C8EB6-EC94-41AA-9DF8-E78ED1927E84}.Release|x64.Build.0 = Release|Any CPU
		{260C8EB6-EC94-41AA-9DF8-E78ED1927E84}.Release|x86.ActiveCfg = Release|Any CPU
		{260C8EB6-EC94-41AA-9DF8-E78ED1927E84}.Release|x86.Build.0 = Release|Any CPU
	EndGlobalSection
	GlobalSection(SolutionProperties) = preSolution
		HideSolutionNode = FALSE
	EndGlobalSection
	GlobalSection(ExtensibilityGlobals) = postSolution
		SolutionGuid = {0FF20F9B-9BE5-4509-B25B-600766A809E4}
	EndGlobalSection
EndGlobal
